
Microsoft Visual Studio Solution File, Format Version 12.00
# Visual Studio Express 15 for Windows Desktop
VisualStudioVersion = 15.0.27130.2010
MinimumVisualStudioVersion = 10.0.40219.1
Project("{FAE04EC0-301F-11D3-BF4B-00C04F79EFBC}") = "DataTypes.floatpointType", "DataTypes.floatpointType\DataTypes.floatpointType.csproj", "{9A89A4A2-AD85-49E1-839C-AFA4298F8877}"
EndProject
Global
	GlobalSection(SolutionConfigurationPlatforms) = preSolution
		Debug|Any CPU = Debug|Any CPU
		Release|Any CPU = Release|Any CPU
	EndGlobalSection
	GlobalSection(ProjectConfigurationPlatforms) = postSolution
		{9A89A4A2-AD85-49E1-839C-AFA4298F8877}.Debug|Any CPU.ActiveCfg = Debug|Any CPU
		{9A89A4A2-AD85-49E1-839C-AFA4298F8877}.Debug|Any CPU.Build.0 = Debug|Any CPU
		{9A89A4A2-AD85-49E1-839C-AFA4298F8877}.Release|Any CPU.ActiveCfg = Release|Any CPU
		{9A89A4A2-AD85-49E1-839C-AFA4298F8877}.Release|Any CPU.Build.0 = Release|Any CPU
	EndGlobalSection
	GlobalSection(SolutionProperties) = preSolution
		HideSolutionNode = FALSE
	EndGlobalSection
	GlobalSection(ExtensibilityGlobals) = postSolution
		SolutionGuid = {13298092-34DE-48C6-A93B-905F81BAFE92}
	EndGlobalSection
EndGlobal
