
Microsoft Visual Studio Solution File, Format Version 12.00
# Visual Studio Express 15 for Windows Desktop
VisualStudioVersion = 15.0.27130.2010
MinimumVisualStudioVersion = 10.0.40219.1
Project("{FAE04EC0-301F-11D3-BF4B-00C04F79EFBC}") = "DataTypeCarString", "DataTypeCarString\DataTypeCarString.csproj", "{B7DDD8E2-1D98-4755-9830-862F3D925CDE}"
EndProject
Global
	GlobalSection(SolutionConfigurationPlatforms) = preSolution
		Debug|Any CPU = Debug|Any CPU
		Release|Any CPU = Release|Any CPU
	EndGlobalSection
	GlobalSection(ProjectConfigurationPlatforms) = postSolution
		{B7DDD8E2-1D98-4755-9830-862F3D925CDE}.Debug|Any CPU.ActiveCfg = Debug|Any CPU
		{B7DDD8E2-1D98-4755-9830-862F3D925CDE}.Debug|Any CPU.Build.0 = Debug|Any CPU
		{B7DDD8E2-1D98-4755-9830-862F3D925CDE}.Release|Any CPU.ActiveCfg = Release|Any CPU
		{B7DDD8E2-1D98-4755-9830-862F3D925CDE}.Release|Any CPU.Build.0 = Release|Any CPU
	EndGlobalSection
	GlobalSection(SolutionProperties) = preSolution
		HideSolutionNode = FALSE
	EndGlobalSection
	GlobalSection(ExtensibilityGlobals) = postSolution
		SolutionGuid = {0CC2A144-1E32-404E-BF47-88FFAC281343}
	EndGlobalSection
EndGlobal
